// !$*UTF8*$!
{
	archiveVersion = 1;
	classes = {
	};
	objectVersion = 46;
	objects = {

/* Begin PBXBuildFile section */
		A54B55451A6ADE1900AE2279 /* main.m in Sources */ = {isa = PBXBuildFile; fileRef = A54B55441A6ADE1900AE2279 /* main.m */; };
		A54B55481A6ADE1900AE2279 /* AppDelegate.m in Sources */ = {isa = PBXBuildFile; fileRef = A54B55471A6ADE1900AE2279 /* AppDelegate.m */; };
		A54B554B1A6ADE1900AE2279 /* ViewController.m in Sources */ = {isa = PBXBuildFile; fileRef = A54B554A1A6ADE1900AE2279 /* ViewController.m */; };
		A54B554E1A6ADE1900AE2279 /* Main.storyboard in Resources */ = {isa = PBXBuildFile; fileRef = A54B554C1A6ADE1900AE2279 /* Main.storyboard */; };
		A54B55501A6ADE1900AE2279 /* Images.xcassets in Resources */ = {isa = PBXBuildFile; fileRef = A54B554F1A6ADE1900AE2279 /* Images.xcassets */; };
		A54B55531A6ADE1900AE2279 /* LaunchScreen.xib in Resources */ = {isa = PBXBuildFile; fileRef = A54B55511A6ADE1900AE2279 /* LaunchScreen.xib */; };
		A54B555F1A6ADE1A00AE2279 /* CBOHidingScrolledViewTests.m in Sources */ = {isa = PBXBuildFile; fileRef = A54B555E1A6ADE1A00AE2279 /* CBOHidingScrolledViewTests.m */; };
		A54B556A1A6AE12B00AE2279 /* CBHidingScrolledView.m in Sources */ = {isa = PBXBuildFile; fileRef = A54B55691A6AE12B00AE2279 /* CBHidingScrolledView.m */; };
/* End PBXBuildFile section */

/* Begin PBXContainerItemProxy section */
		A54B55591A6ADE1A00AE2279 /* PBXContainerItemProxy */ = {
			isa = PBXContainerItemProxy;
			containerPortal = A54B55371A6ADE1900AE2279 /* Project object */;
			proxyType = 1;
			remoteGlobalIDString = A54B553E1A6ADE1900AE2279;
			remoteInfo = CBOHidingScrolledView;
		};
/* End PBXContainerItemProxy section */

/* Begin PBXFileReference section */
		A54B553F1A6ADE1900AE2279 /* CBOHidingScrolledView.app */ = {isa = PBXFileReference; explicitFileType = wrapper.application; includeInIndex = 0; path = CBOHidingScrolledView.app; sourceTree = BUILT_PRODUCTS_DIR; };
		A54B55431A6ADE1900AE2279 /* Info.plist */ = {isa = PBXFileReference; lastKnownFileType = text.plist.xml; path = Info.plist; sourceTree = "<group>"; };
		A54B55441A6ADE1900AE2279 /* main.m */ = {isa = PBXFileReference; lastKnownFileType = sourcecode.c.objc; path = main.m; sourceTree = "<group>"; };
		A54B55461A6ADE1900AE2279 /* AppDelegate.h */ = {isa = PBXFileReference; lastKnownFileType = sourcecode.c.h; path = AppDelegate.h; sourceTree = "<group>"; };
		A54B55471A6ADE1900AE2279 /* AppDelegate.m */ = {isa = PBXFileReference; lastKnownFileType = sourcecode.c.objc; path = AppDelegate.m; sourceTree = "<group>"; };
		A54B55491A6ADE1900AE2279 /* ViewController.h */ = {isa = PBXFileReference; lastKnownFileType = sourcecode.c.h; path = ViewController.h; sourceTree = "<group>"; };
		A54B554A1A6ADE1900AE2279 /* ViewController.m */ = {isa = PBXFileReference; lastKnownFileType = sourcecode.c.objc; path = ViewController.m; sourceTree = "<group>"; };
		A54B554D1A6ADE1900AE2279 /* Base */ = {isa = PBXFileReference; lastKnownFileType = file.storyboard; name = Base; path = Base.lproj/Main.storyboard; sourceTree = "<group>"; };
		A54B554F1A6ADE1900AE2279 /* Images.xcassets */ = {isa = PBXFileReference; lastKnownFileType = folder.assetcatalog; path = Images.xcassets; sourceTree = "<group>"; };
		A54B55521A6ADE1900AE2279 /* Base */ = {isa = PBXFileReference; lastKnownFileType = file.xib; name = Base; path = Base.lproj/LaunchScreen.xib; sourceTree = "<group>"; };
		A54B55581A6ADE1A00AE2279 /* CBOHidingScrolledViewTests.xctest */ = {isa = PBXFileReference; explicitFileType = wrapper.cfbundle; includeInIndex = 0; path = CBOHidingScrolledViewTests.xctest; sourceTree = BUILT_PRODUCTS_DIR; };
		A54B555D1A6ADE1A00AE2279 /* Info.plist */ = {isa = PBXFileReference; lastKnownFileType = text.plist.xml; path = Info.plist; sourceTree = "<group>"; };
		A54B555E1A6ADE1A00AE2279 /* CBOHidingScrolledViewTests.m */ = {isa = PBXFileReference; lastKnownFileType = sourcecode.c.objc; path = CBOHidingScrolledViewTests.m; sourceTree = "<group>"; };
		A54B55681A6AE12B00AE2279 /* CBHidingScrolledView.h */ = {isa = PBXFileReference; fileEncoding = 4; lastKnownFileType = sourcecode.c.h; path = CBHidingScrolledView.h; sourceTree = "<group>"; };
		A54B55691A6AE12B00AE2279 /* CBHidingScrolledView.m */ = {isa = PBXFileReference; fileEncoding = 4; lastKnownFileType = sourcecode.c.objc; path = CBHidingScrolledView.m; sourceTree = "<group>"; };
/* End PBXFileReference section */

/* Begin PBXFrameworksBuildPhase section */
		A54B553C1A6ADE1900AE2279 /* Frameworks */ = {
			isa = PBXFrameworksBuildPhase;
			buildActionMask = 2147483647;
			files = (
			);
			runOnlyForDeploymentPostprocessing = 0;
		};
		A54B55551A6ADE1A00AE2279 /* Frameworks */ = {
			isa = PBXFrameworksBuildPhase;
			buildActionMask = 2147483647;
			files = (
			);
			runOnlyForDeploymentPostprocessing = 0;
		};
/* End PBXFrameworksBuildPhase section */

/* Begin PBXGroup section */
		A54B55361A6ADE1900AE2279 = {
			isa = PBXGroup;
			children = (
				A54B55411A6ADE1900AE2279 /* CBOHidingScrolledView */,
				A54B555B1A6ADE1A00AE2279 /* CBOHidingScrolledViewTests */,
				A54B55401A6ADE1900AE2279 /* Products */,
			);
			sourceTree = "<group>";
		};
		A54B55401A6ADE1900AE2279 /* Products */ = {
			isa = PBXGroup;
			children = (
				A54B553F1A6ADE1900AE2279 /* CBOHidingScrolledView.app */,
				A54B55581A6ADE1A00AE2279 /* CBOHidingScrolledViewTests.xctest */,
			);
			name = Products;
			sourceTree = "<group>";
		};
		A54B55411A6ADE1900AE2279 /* CBOHidingScrolledView */ = {
			isa = PBXGroup;
			children = (
				A54B55461A6ADE1900AE2279 /* AppDelegate.h */,
				A54B55471A6ADE1900AE2279 /* AppDelegate.m */,
				A54B55491A6ADE1900AE2279 /* ViewController.h */,
				A54B554A1A6ADE1900AE2279 /* ViewController.m */,
				A54B554C1A6ADE1900AE2279 /* Main.storyboard */,
				A54B55681A6AE12B00AE2279 /* CBHidingScrolledView.h */,
				A54B55691A6AE12B00AE2279 /* CBHidingScrolledView.m */,
				A54B554F1A6ADE1900AE2279 /* Images.xcassets */,
				A54B55511A6ADE1900AE2279 /* LaunchScreen.xib */,
				A54B55421A6ADE1900AE2279 /* Supporting Files */,
			);
			path = CBOHidingScrolledView;
			sourceTree = "<group>";
		};
		A54B55421A6ADE1900AE2279 /* Supporting Files */ = {
			isa = PBXGroup;
			children = (
				A54B55431A6ADE1900AE2279 /* Info.plist */,
				A54B55441A6ADE1900AE2279 /* main.m */,
			);
			name = "Supporting Files";
			sourceTree = "<group>";
		};
		A54B555B1A6ADE1A00AE2279 /* CBOHidingScrolledViewTests */ = {
			isa = PBXGroup;
			children = (
				A54B555E1A6ADE1A00AE2279 /* CBOHidingScrolledViewTests.m */,
				A54B555C1A6ADE1A00AE2279 /* Supporting Files */,
			);
			path = CBOHidingScrolledViewTests;
			sourceTree = "<group>";
		};
		A54B555C1A6ADE1A00AE2279 /* Supporting Files */ = {
			isa = PBXGroup;
			children = (
				A54B555D1A6ADE1A00AE2279 /* Info.plist */,
			);
			name = "Supporting Files";
			sourceTree = "<group>";
		};
/* End PBXGroup section */

/* Begin PBXNativeTarget section */
		A54B553E1A6ADE1900AE2279 /* CBOHidingScrolledView */ = {
			isa = PBXNativeTarget;
			buildConfigurationList = A54B55621A6ADE1A00AE2279 /* Build configuration list for PBXNativeTarget "CBOHidingScrolledView" */;
			buildPhases = (
				A54B553B1A6ADE1900AE2279 /* Sources */,
				A54B553C1A6ADE1900AE2279 /* Frameworks */,
				A54B553D1A6ADE1900AE2279 /* Resources */,
			);
			buildRules = (
			);
			dependencies = (
			);
			name = CBOHidingScrolledView;
			productName = CBOHidingScrolledView;
			productReference = A54B553F1A6ADE1900AE2279 /* CBOHidingScrolledView.app */;
			productType = "com.apple.product-type.application";
		};
		A54B55571A6ADE1A00AE2279 /* CBOHidingScrolledViewTests */ = {
			isa = PBXNativeTarget;
			buildConfigurationList = A54B55651A6ADE1A00AE2279 /* Build configuration list for PBXNativeTarget "CBOHidingScrolledViewTests" */;
			buildPhases = (
				A54B55541A6ADE1A00AE2279 /* Sources */,
				A54B55551A6ADE1A00AE2279 /* Frameworks */,
				A54B55561A6ADE1A00AE2279 /* Resources */,
			);
			buildRules = (
			);
			dependencies = (
				A54B555A1A6ADE1A00AE2279 /* PBXTargetDependency */,
			);
			name = CBOHidingScrolledViewTests;
			productName = CBOHidingScrolledViewTests;
			productReference = A54B55581A6ADE1A00AE2279 /* CBOHidingScrolledViewTests.xctest */;
			productType = "com.apple.product-type.bundle.unit-test";
		};
/* End PBXNativeTarget section */

/* Begin PBXProject section */
		A54B55371A6ADE1900AE2279 /* Project object */ = {
			isa = PBXProject;
			attributes = {
				LastUpgradeCheck = 0610;
				ORGANIZATIONNAME = "Carolina Barreiro Cancela";
				TargetAttributes = {
					A54B553E1A6ADE1900AE2279 = {
						CreatedOnToolsVersion = 6.1.1;
					};
					A54B55571A6ADE1A00AE2279 = {
						CreatedOnToolsVersion = 6.1.1;
						TestTargetID = A54B553E1A6ADE1900AE2279;
					};
				};
			};
			buildConfigurationList = A54B553A1A6ADE1900AE2279 /* Build configuration list for PBXProject "CBOHidingScrolledView" */;
			compatibilityVersion = "Xcode 3.2";
			developmentRegion = English;
			hasScannedForEncodings = 0;
			knownRegions = (
				en,
				Base,
			);
			mainGroup = A54B55361A6ADE1900AE2279;
			productRefGroup = A54B55401A6ADE1900AE2279 /* Products */;
			projectDirPath = "";
			projectRoot = "";
			targets = (
				A54B553E1A6ADE1900AE2279 /* CBOHidingScrolledView */,
				A54B55571A6ADE1A00AE2279 /* CBOHidingScrolledViewTests */,
			);
		};
/* End PBXProject section */

/* Begin PBXResourcesBuildPhase section */
		A54B553D1A6ADE1900AE2279 /* Resources */ = {
			isa = PBXResourcesBuildPhase;
			buildActionMask = 2147483647;
			files = (
				A54B554E1A6ADE1900AE2279 /* Main.storyboard in Resources */,
				A54B55531A6ADE1900AE2279 /* LaunchScreen.xib in Resources */,
				A54B55501A6ADE1900AE2279 /* Images.xcassets in Resources */,
			);
			runOnlyForDeploymentPostprocessing = 0;
		};
		A54B55561A6ADE1A00AE2279 /* Resources */ = {
			isa = PBXResourcesBuildPhase;
			buildActionMask = 2147483647;
			files = (
			);
			runOnlyForDeploymentPostprocessing = 0;
		};
/* End PBXResourcesBuildPhase section */

/* Begin PBXSourcesBuildPhase section */
		A54B553B1A6ADE1900AE2279 /* Sources */ = {
			isa = PBXSourcesBuildPhase;
			buildActionMask = 2147483647;
			files = (
				A54B554B1A6ADE1900AE2279 /* ViewController.m in Sources */,
				A54B556A1A6AE12B00AE2279 /* CBHidingScrolledView.m in Sources */,
				A54B55481A6ADE1900AE2279 /* AppDelegate.m in Sources */,
				A54B55451A6ADE1900AE2279 /* main.m in Sources */,
			);
			runOnlyForDeploymentPostprocessing = 0;
		};
		A54B55541A6ADE1A00AE2279 /* Sources */ = {
			isa = PBXSourcesBuildPhase;
			buildActionMask = 2147483647;
			files = (
				A54B555F1A6ADE1A00AE2279 /* CBOHidingScrolledViewTests.m in Sources */,
			);
			runOnlyForDeploymentPostprocessing = 0;
		};
/* End PBXSourcesBuildPhase section */

/* Begin PBXTargetDependency section */
		A54B555A1A6ADE1A00AE2279 /* PBXTargetDependency */ = {
			isa = PBXTargetDependency;
			target = A54B553E1A6ADE1900AE2279 /* CBOHidingScrolledView */;
			targetProxy = A54B55591A6ADE1A00AE2279 /* PBXContainerItemProxy */;
		};
/* End PBXTargetDependency section */

/* Begin PBXVariantGroup section */
		A54B554C1A6ADE1900AE2279 /* Main.storyboard */ = {
			isa = PBXVariantGroup;
			children = (
				A54B554D1A6ADE1900AE2279 /* Base */,
			);
			name = Main.storyboard;
			sourceTree = "<group>";
		};
		A54B55511A6ADE1900AE2279 /* LaunchScreen.xib */ = {
			isa = PBXVariantGroup;
			children = (
				A54B55521A6ADE1900AE2279 /* Base */,
			);
			name = LaunchScreen.xib;
			sourceTree = "<group>";
		};
/* End PBXVariantGroup section */

/* Begin XCBuildConfiguration section */
		A54B55601A6ADE1A00AE2279 /* Debug */ = {
			isa = XCBuildConfiguration;
			buildSettings = {
				ALWAYS_SEARCH_USER_PATHS = NO;
				CLANG_CXX_LANGUAGE_STANDARD = "gnu++0x";
				CLANG_CXX_LIBRARY = "libc++";
				CLANG_ENABLE_MODULES = YES;
				CLANG_ENABLE_OBJC_ARC = YES;
				CLANG_WARN_BOOL_CONVERSION = YES;
				CLANG_WARN_CONSTANT_CONVERSION = YES;
				CLANG_WARN_DIRECT_OBJC_ISA_USAGE = YES_ERROR;
				CLANG_WARN_EMPTY_BODY = YES;
				CLANG_WARN_ENUM_CONVERSION = YES;
				CLANG_WARN_INT_CONVERSION = YES;
				CLANG_WARN_OBJC_ROOT_CLASS = YES_ERROR;
				CLANG_WARN_UNREACHABLE_CODE = YES;
				CLANG_WARN__DUPLICATE_METHOD_MATCH = YES;
				"CODE_SIGN_IDENTITY[sdk=iphoneos*]" = "iPhone Developer";
				COPY_PHASE_STRIP = NO;
				ENABLE_STRICT_OBJC_MSGSEND = YES;
				GCC_C_LANGUAGE_STANDARD = gnu99;
				GCC_DYNAMIC_NO_PIC = NO;
				GCC_OPTIMIZATION_LEVEL = 0;
				GCC_PREPROCESSOR_DEFINITIONS = (
					"DEBUG=1",
					"$(inherited)",
				);
				GCC_SYMBOLS_PRIVATE_EXTERN = NO;
				GCC_WARN_64_TO_32_BIT_CONVERSION = YES;
				GCC_WARN_ABOUT_RETURN_TYPE = YES_ERROR;
				GCC_WARN_UNDECLARED_SELECTOR = YES;
				GCC_WARN_UNINITIALIZED_AUTOS = YES_AGGRESSIVE;
				GCC_WARN_UNUSED_FUNCTION = YES;
				GCC_WARN_UNUSED_VARIABLE = YES;
				IPHONEOS_DEPLOYMENT_TARGET = 8.1;
				MTL_ENABLE_DEBUG_INFO = YES;
				ONLY_ACTIVE_ARCH = YES;
				SDKROOT = iphoneos;
				TARGETED_DEVICE_FAMILY = "1,2";
			};
			name = Debug;
		};
		A54B55611A6ADE1A00AE2279 /* Release */ = {
			isa = XCBuildConfiguration;
			buildSettings = {
				ALWAYS_SEARCH_USER_PATHS = NO;
				CLANG_CXX_LANGUAGE_STANDARD = "gnu++0x";
				CLANG_CXX_LIBRARY = "libc++";
				CLANG_ENABLE_MODULES = YES;
				CLANG_ENABLE_OBJC_ARC = YES;
				CLANG_WARN_BOOL_CONVERSION = YES;
				CLANG_WARN_CONSTANT_CONVERSION = YES;
				CLANG_WARN_DIRECT_OBJC_ISA_USAGE = YES_ERROR;
				CLANG_WARN_EMPTY_BODY = YES;
				CLANG_WARN_ENUM_CONVERSION = YES;
				CLANG_WARN_INT_CONVERSION = YES;
				CLANG_WARN_OBJC_ROOT_CLASS = YES_ERROR;
				CLANG_WARN_UNREACHABLE_CODE = YES;
				CLANG_WARN__DUPLICATE_METHOD_MATCH = YES;
				"CODE_SIGN_IDENTITY[sdk=iphoneos*]" = "iPhone Developer";
				COPY_PHASE_STRIP = YES;
				ENABLE_NS_ASSERTIONS = NO;
				ENABLE_STRICT_OBJC_MSGSEND = YES;
				GCC_C_LANGUAGE_STANDARD = gnu99;
				GCC_WARN_64_TO_32_BIT_CONVERSION = YES;
				GCC_WARN_ABOUT_RETURN_TYPE = YES_ERROR;
				GCC_WARN_UNDECLARED_SELECTOR = YES;
				GCC_WARN_UNINITIALIZED_AUTOS = YES_AGGRESSIVE;
				GCC_WARN_UNUSED_FUNCTION = YES;
				GCC_WARN_UNUSED_VARIABLE = YES;
				IPHONEOS_DEPLOYMENT_TARGET = 8.1;
				MTL_ENABLE_DEBUG_INFO = NO;
				SDKROOT = iphoneos;
				TARGETED_DEVICE_FAMILY = "1,2";
				VALIDATE_PRODUCT = YES;
			};
			name = Release;
		};
		A54B55631A6ADE1A00AE2279 /* Debug */ = {
			isa = XCBuildConfiguration;
			buildSettings = {
				ASSETCATALOG_COMPILER_APPICON_NAME = AppIcon;
				INFOPLIST_FILE = CBOHidingScrolledView/Info.plist;
				LD_RUNPATH_SEARCH_PATHS = "$(inherited) @executable_path/Frameworks";
				PRODUCT_NAME = "$(TARGET_NAME)";
			};
			name = Debug;
		};
		A54B55641A6ADE1A00AE2279 /* Release */ = {
			isa = XCBuildConfiguration;
			buildSettings = {
				ASSETCATALOG_COMPILER_APPICON_NAME = AppIcon;
				INFOPLIST_FILE = CBOHidingScrolledView/Info.plist;
				LD_RUNPATH_SEARCH_PATHS = "$(inherited) @executable_path/Frameworks";
				PRODUCT_NAME = "$(TARGET_NAME)";
			};
			name = Release;
		};
		A54B55661A6ADE1A00AE2279 /* Debug */ = {
			isa = XCBuildConfiguration;
			buildSettings = {
				BUNDLE_LOADER = "$(TEST_HOST)";
				FRAMEWORK_SEARCH_PATHS = (
					"$(SDKROOT)/Developer/Library/Frameworks",
					"$(inherited)",
				);
				GCC_PREPROCESSOR_DEFINITIONS = (
					"DEBUG=1",
					"$(inherited)",
				);
				INFOPLIST_FILE = CBOHidingScrolledViewTests/Info.plist;
				LD_RUNPATH_SEARCH_PATHS = "$(inherited) @executable_path/Frameworks @loader_path/Frameworks";
				PRODUCT_NAME = "$(TARGET_NAME)";
				TEST_HOST = "$(BUILT_PRODUCTS_DIR)/CBOHidingScrolledView.app/CBOHidingScrolledView";
			};
			name = Debug;
		};
		A54B55671A6ADE1A00AE2279 /* Release */ = {
			isa = XCBuildConfiguration;
			buildSettings = {
				BUNDLE_LOADER = "$(TEST_HOST)";
				FRAMEWORK_SEARCH_PATHS = (
					"$(SDKROOT)/Developer/Library/Frameworks",
					"$(inherited)",
				);
				INFOPLIST_FILE = CBOHidingScrolledViewTests/Info.plist;
				LD_RUNPATH_SEARCH_PATHS = "$(inherited) @executable_path/Frameworks @loader_path/Frameworks";
				PRODUCT_NAME = "$(TARGET_NAME)";
				TEST_HOST = "$(BUILT_PRODUCTS_DIR)/CBOHidingScrolledView.app/CBOHidingScrolledView";
			};
			name = Release;
		};
/* End XCBuildConfiguration section */

/* Begin XCConfigurationList section */
		A54B553A1A6ADE1900AE2279 /* Build configuration list for PBXProject "CBOHidingScrolledView" */ = {
			isa = XCConfigurationList;
			buildConfigurations = (
				A54B55601A6ADE1A00AE2279 /* Debug */,
				A54B55611A6ADE1A00AE2279 /* Release */,
			);
			defaultConfigurationIsVisible = 0;
			defaultConfigurationName = Release;
		};
		A54B55621A6ADE1A00AE2279 /* Build configuration list for PBXNativeTarget "CBOHidingScrolledView" */ = {
			isa = XCConfigurationList;
			buildConfigurations = (
				A54B55631A6ADE1A00AE2279 /* Debug */,
				A54B55641A6ADE1A00AE2279 /* Release */,
			);
			defaultConfigurationIsVisible = 0;
		};
		A54B55651A6ADE1A00AE2279 /* Build configuration list for PBXNativeTarget "CBOHidingScrolledViewTests" */ = {
			isa = XCConfigurationList;
			buildConfigurations = (
				A54B55661A6ADE1A00AE2279 /* Debug */,
				A54B55671A6ADE1A00AE2279 /* Release */,
			);
			defaultConfigurationIsVisible = 0;
		};
/* End XCConfigurationList section */
	};
	rootObject = A54B55371A6ADE1900AE2279 /* Project object */;
}
